
Microsoft Visual Studio Solution File, Format Version 12.00
# Visual Studio Version 17
VisualStudioVersion = 17.5.33516.290
MinimumVisualStudioVersion = 10.0.40219.1
Project("{FAE04EC0-301F-11D3-BF4B-00C04F79EFBC}") = "Anagram", "Anagram\Anagram.csproj", "{9626E11F-B025-475A-B8FA-DA31E932021D}"
EndProject
Global
	GlobalSection(SolutionConfigurationPlatforms) = preSolution
		Debug|Any CPU = Debug|Any CPU
		Release|Any CPU = Release|Any CPU
	EndGlobalSection
	GlobalSection(ProjectConfigurationPlatforms) = postSolution
		{9626E11F-B025-475A-B8FA-DA31E932021D}.Debug|Any CPU.ActiveCfg = Debug|Any CPU
		{9626E11F-B025-475A-B8FA-DA31E932021D}.Debug|Any CPU.Build.0 = Debug|Any CPU
		{9626E11F-B025-475A-B8FA-DA31E932021D}.Release|Any CPU.ActiveCfg = Release|Any CPU
		{9626E11F-B025-475A-B8FA-DA31E932021D}.Release|Any CPU.Build.0 = Release|Any CPU
	EndGlobalSection
	GlobalSection(SolutionProperties) = preSolution
		HideSolutionNode = FALSE
	EndGlobalSection
	GlobalSection(ExtensibilityGlobals) = postSolution
		SolutionGuid = {C04342DF-FFDD-4EBA-B0C6-04F48E4E32F4}
	EndGlobalSection
EndGlobal
