
Microsoft Visual Studio Solution File, Format Version 12.00
# Visual Studio Version 17
VisualStudioVersion = 17.5.33516.290
MinimumVisualStudioVersion = 10.0.40219.1
Project("{FAE04EC0-301F-11D3-BF4B-00C04F79EFBC}") = "abstraction", "abstraction\abstraction.csproj", "{A8B4A6DC-D358-4866-907C-CB42C8F5DADA}"
EndProject
Global
	GlobalSection(SolutionConfigurationPlatforms) = preSolution
		Debug|Any CPU = Debug|Any CPU
		Release|Any CPU = Release|Any CPU
	EndGlobalSection
	GlobalSection(ProjectConfigurationPlatforms) = postSolution
		{A8B4A6DC-D358-4866-907C-CB42C8F5DADA}.Debug|Any CPU.ActiveCfg = Debug|Any CPU
		{A8B4A6DC-D358-4866-907C-CB42C8F5DADA}.Debug|Any CPU.Build.0 = Debug|Any CPU
		{A8B4A6DC-D358-4866-907C-CB42C8F5DADA}.Release|Any CPU.ActiveCfg = Release|Any CPU
		{A8B4A6DC-D358-4866-907C-CB42C8F5DADA}.Release|Any CPU.Build.0 = Release|Any CPU
	EndGlobalSection
	GlobalSection(SolutionProperties) = preSolution
		HideSolutionNode = FALSE
	EndGlobalSection
	GlobalSection(ExtensibilityGlobals) = postSolution
		SolutionGuid = {F43C2C7D-9325-441D-AB03-4F13574B78C8}
	EndGlobalSection
EndGlobal
