
Microsoft Visual Studio Solution File, Format Version 12.00
# Visual Studio Version 17
VisualStudioVersion = 17.5.33516.290
MinimumVisualStudioVersion = 10.0.40219.1
Project("{9A19103F-16F7-4668-BE54-9A1E7A4F7556}") = "ProductAPI", "ProductAPI\ProductAPI.csproj", "{BE844C53-F910-49EB-9C85-5C8DD8E720C1}"
EndProject
Project("{E53339B2-1760-4266-BCC7-CA923CBCF16C}") = "docker-compose", "docker-compose.dcproj", "{52D2EA6D-D9AF-43F6-8A5E-196264FB6BCF}"
EndProject
Global
	GlobalSection(SolutionConfigurationPlatforms) = preSolution
		Debug|Any CPU = Debug|Any CPU
		Release|Any CPU = Release|Any CPU
	EndGlobalSection
	GlobalSection(ProjectConfigurationPlatforms) = postSolution
		{BE844C53-F910-49EB-9C85-5C8DD8E720C1}.Debug|Any CPU.ActiveCfg = Debug|Any CPU
		{BE844C53-F910-49EB-9C85-5C8DD8E720C1}.Debug|Any CPU.Build.0 = Debug|Any CPU
		{BE844C53-F910-49EB-9C85-5C8DD8E720C1}.Release|Any CPU.ActiveCfg = Release|Any CPU
		{BE844C53-F910-49EB-9C85-5C8DD8E720C1}.Release|Any CPU.Build.0 = Release|Any CPU
		{52D2EA6D-D9AF-43F6-8A5E-196264FB6BCF}.Debug|Any CPU.ActiveCfg = Debug|Any CPU
		{52D2EA6D-D9AF-43F6-8A5E-196264FB6BCF}.Debug|Any CPU.Build.0 = Debug|Any CPU
		{52D2EA6D-D9AF-43F6-8A5E-196264FB6BCF}.Release|Any CPU.ActiveCfg = Release|Any CPU
		{52D2EA6D-D9AF-43F6-8A5E-196264FB6BCF}.Release|Any CPU.Build.0 = Release|Any CPU
	EndGlobalSection
	GlobalSection(SolutionProperties) = preSolution
		HideSolutionNode = FALSE
	EndGlobalSection
	GlobalSection(ExtensibilityGlobals) = postSolution
		SolutionGuid = {B6F994C3-D6FB-4886-87BE-7369A71B7C39}
	EndGlobalSection
EndGlobal
