
Microsoft Visual Studio Solution File, Format Version 12.00
# Visual Studio Version 17
VisualStudioVersion = 17.5.33516.290
MinimumVisualStudioVersion = 10.0.40219.1
Project("{FAE04EC0-301F-11D3-BF4B-00C04F79EFBC}") = "BasicMaths", "BasicMaths\BasicMaths.csproj", "{4F9F7742-E1DD-4915-92BF-764114C7C9D2}"
EndProject
Project("{FAE04EC0-301F-11D3-BF4B-00C04F79EFBC}") = "BasicMathsTest", "BasicMathsTest\BasicMathsTest.csproj", "{5121392A-265C-401B-9276-0ED6DE63A358}"
EndProject
Global
	GlobalSection(SolutionConfigurationPlatforms) = preSolution
		Debug|Any CPU = Debug|Any CPU
		Release|Any CPU = Release|Any CPU
	EndGlobalSection
	GlobalSection(ProjectConfigurationPlatforms) = postSolution
		{4F9F7742-E1DD-4915-92BF-764114C7C9D2}.Debug|Any CPU.ActiveCfg = Debug|Any CPU
		{4F9F7742-E1DD-4915-92BF-764114C7C9D2}.Debug|Any CPU.Build.0 = Debug|Any CPU
		{4F9F7742-E1DD-4915-92BF-764114C7C9D2}.Release|Any CPU.ActiveCfg = Release|Any CPU
		{4F9F7742-E1DD-4915-92BF-764114C7C9D2}.Release|Any CPU.Build.0 = Release|Any CPU
		{5121392A-265C-401B-9276-0ED6DE63A358}.Debug|Any CPU.ActiveCfg = Debug|Any CPU
		{5121392A-265C-401B-9276-0ED6DE63A358}.Debug|Any CPU.Build.0 = Debug|Any CPU
		{5121392A-265C-401B-9276-0ED6DE63A358}.Release|Any CPU.ActiveCfg = Release|Any CPU
		{5121392A-265C-401B-9276-0ED6DE63A358}.Release|Any CPU.Build.0 = Release|Any CPU
	EndGlobalSection
	GlobalSection(SolutionProperties) = preSolution
		HideSolutionNode = FALSE
	EndGlobalSection
	GlobalSection(ExtensibilityGlobals) = postSolution
		SolutionGuid = {B72EB7D2-0F92-41AB-B6AC-9740F52A3B57}
	EndGlobalSection
EndGlobal
