
Microsoft Visual Studio Solution File, Format Version 12.00
# Visual Studio Version 17
VisualStudioVersion = 17.5.33516.290
MinimumVisualStudioVersion = 10.0.40219.1
Project("{FAE04EC0-301F-11D3-BF4B-00C04F79EFBC}") = "debugdemo", "debugdemo\debugdemo.csproj", "{8A7971F0-58E6-4D65-8430-D92B70616AB5}"
EndProject
Global
	GlobalSection(SolutionConfigurationPlatforms) = preSolution
		Debug|Any CPU = Debug|Any CPU
		Release|Any CPU = Release|Any CPU
	EndGlobalSection
	GlobalSection(ProjectConfigurationPlatforms) = postSolution
		{8A7971F0-58E6-4D65-8430-D92B70616AB5}.Debug|Any CPU.ActiveCfg = Debug|Any CPU
		{8A7971F0-58E6-4D65-8430-D92B70616AB5}.Debug|Any CPU.Build.0 = Debug|Any CPU
		{8A7971F0-58E6-4D65-8430-D92B70616AB5}.Release|Any CPU.ActiveCfg = Release|Any CPU
		{8A7971F0-58E6-4D65-8430-D92B70616AB5}.Release|Any CPU.Build.0 = Release|Any CPU
	EndGlobalSection
	GlobalSection(SolutionProperties) = preSolution
		HideSolutionNode = FALSE
	EndGlobalSection
	GlobalSection(ExtensibilityGlobals) = postSolution
		SolutionGuid = {AF1FA3F7-25BA-4649-80AE-13E6A020867B}
	EndGlobalSection
EndGlobal
