
Microsoft Visual Studio Solution File, Format Version 12.00
# Visual Studio Version 17
VisualStudioVersion = 17.5.33516.290
MinimumVisualStudioVersion = 10.0.40219.1
Project("{FAE04EC0-301F-11D3-BF4B-00C04F79EFBC}") = "vehicle", "vehicle\vehicle.csproj", "{281109D0-7850-44BC-B161-17E1C7E734E1}"
EndProject
Global
	GlobalSection(SolutionConfigurationPlatforms) = preSolution
		Debug|Any CPU = Debug|Any CPU
		Release|Any CPU = Release|Any CPU
	EndGlobalSection
	GlobalSection(ProjectConfigurationPlatforms) = postSolution
		{281109D0-7850-44BC-B161-17E1C7E734E1}.Debug|Any CPU.ActiveCfg = Debug|Any CPU
		{281109D0-7850-44BC-B161-17E1C7E734E1}.Debug|Any CPU.Build.0 = Debug|Any CPU
		{281109D0-7850-44BC-B161-17E1C7E734E1}.Release|Any CPU.ActiveCfg = Release|Any CPU
		{281109D0-7850-44BC-B161-17E1C7E734E1}.Release|Any CPU.Build.0 = Release|Any CPU
	EndGlobalSection
	GlobalSection(SolutionProperties) = preSolution
		HideSolutionNode = FALSE
	EndGlobalSection
	GlobalSection(ExtensibilityGlobals) = postSolution
		SolutionGuid = {7AAA3ED8-560A-4B33-9E88-4F4595BA555D}
	EndGlobalSection
EndGlobal
