
Microsoft Visual Studio Solution File, Format Version 12.00
# Visual Studio Version 17
VisualStudioVersion = 17.5.33516.290
MinimumVisualStudioVersion = 10.0.40219.1
Project("{FAE04EC0-301F-11D3-BF4B-00C04F79EFBC}") = "CodeChallenge4", "CodeChallenge4\CodeChallenge4.csproj", "{502603D2-F1F4-4A6E-AF95-32B50A67F1E6}"
EndProject
Global
	GlobalSection(SolutionConfigurationPlatforms) = preSolution
		Debug|Any CPU = Debug|Any CPU
		Release|Any CPU = Release|Any CPU
	EndGlobalSection
	GlobalSection(ProjectConfigurationPlatforms) = postSolution
		{502603D2-F1F4-4A6E-AF95-32B50A67F1E6}.Debug|Any CPU.ActiveCfg = Debug|Any CPU
		{502603D2-F1F4-4A6E-AF95-32B50A67F1E6}.Debug|Any CPU.Build.0 = Debug|Any CPU
		{502603D2-F1F4-4A6E-AF95-32B50A67F1E6}.Release|Any CPU.ActiveCfg = Release|Any CPU
		{502603D2-F1F4-4A6E-AF95-32B50A67F1E6}.Release|Any CPU.Build.0 = Release|Any CPU
	EndGlobalSection
	GlobalSection(SolutionProperties) = preSolution
		HideSolutionNode = FALSE
	EndGlobalSection
	GlobalSection(ExtensibilityGlobals) = postSolution
		SolutionGuid = {E51E97B3-1971-4B05-971A-6ACC877B3AB9}
	EndGlobalSection
EndGlobal
