
Microsoft Visual Studio Solution File, Format Version 12.00
# Visual Studio Version 17
VisualStudioVersion = 17.5.33516.290
MinimumVisualStudioVersion = 10.0.40219.1
Project("{FAE04EC0-301F-11D3-BF4B-00C04F79EFBC}") = "Absolute", "Absolute\Absolute.csproj", "{2FB5868A-0BAE-4E07-812E-E450A4BED606}"
EndProject
Global
	GlobalSection(SolutionConfigurationPlatforms) = preSolution
		Debug|Any CPU = Debug|Any CPU
		Release|Any CPU = Release|Any CPU
	EndGlobalSection
	GlobalSection(ProjectConfigurationPlatforms) = postSolution
		{2FB5868A-0BAE-4E07-812E-E450A4BED606}.Debug|Any CPU.ActiveCfg = Debug|Any CPU
		{2FB5868A-0BAE-4E07-812E-E450A4BED606}.Debug|Any CPU.Build.0 = Debug|Any CPU
		{2FB5868A-0BAE-4E07-812E-E450A4BED606}.Release|Any CPU.ActiveCfg = Release|Any CPU
		{2FB5868A-0BAE-4E07-812E-E450A4BED606}.Release|Any CPU.Build.0 = Release|Any CPU
	EndGlobalSection
	GlobalSection(SolutionProperties) = preSolution
		HideSolutionNode = FALSE
	EndGlobalSection
	GlobalSection(ExtensibilityGlobals) = postSolution
		SolutionGuid = {235251BB-71D7-4106-B8F5-0E426398C17A}
	EndGlobalSection
EndGlobal
