
Microsoft Visual Studio Solution File, Format Version 12.00
# Visual Studio Version 17
VisualStudioVersion = 17.5.33516.290
MinimumVisualStudioVersion = 10.0.40219.1
Project("{FAE04EC0-301F-11D3-BF4B-00C04F79EFBC}") = "voting", "voting\voting.csproj", "{281DD151-3A14-41BF-83C7-8C9D2DBCFF47}"
EndProject
Global
	GlobalSection(SolutionConfigurationPlatforms) = preSolution
		Debug|Any CPU = Debug|Any CPU
		Release|Any CPU = Release|Any CPU
	EndGlobalSection
	GlobalSection(ProjectConfigurationPlatforms) = postSolution
		{281DD151-3A14-41BF-83C7-8C9D2DBCFF47}.Debug|Any CPU.ActiveCfg = Debug|Any CPU
		{281DD151-3A14-41BF-83C7-8C9D2DBCFF47}.Debug|Any CPU.Build.0 = Debug|Any CPU
		{281DD151-3A14-41BF-83C7-8C9D2DBCFF47}.Release|Any CPU.ActiveCfg = Release|Any CPU
		{281DD151-3A14-41BF-83C7-8C9D2DBCFF47}.Release|Any CPU.Build.0 = Release|Any CPU
	EndGlobalSection
	GlobalSection(SolutionProperties) = preSolution
		HideSolutionNode = FALSE
	EndGlobalSection
	GlobalSection(ExtensibilityGlobals) = postSolution
		SolutionGuid = {2E0CE4A3-5F0F-4DAA-8F1E-304C3AF81AE0}
	EndGlobalSection
EndGlobal
