
Microsoft Visual Studio Solution File, Format Version 12.00
# Visual Studio Version 17
VisualStudioVersion = 17.5.33516.290
MinimumVisualStudioVersion = 10.0.40219.1
Project("{FAE04EC0-301F-11D3-BF4B-00C04F79EFBC}") = "decimaltobinary", "decimaltobinary\decimaltobinary.csproj", "{376C484F-12BC-4CBE-8AB4-5A278E1D39C8}"
EndProject
Global
	GlobalSection(SolutionConfigurationPlatforms) = preSolution
		Debug|Any CPU = Debug|Any CPU
		Release|Any CPU = Release|Any CPU
	EndGlobalSection
	GlobalSection(ProjectConfigurationPlatforms) = postSolution
		{376C484F-12BC-4CBE-8AB4-5A278E1D39C8}.Debug|Any CPU.ActiveCfg = Debug|Any CPU
		{376C484F-12BC-4CBE-8AB4-5A278E1D39C8}.Debug|Any CPU.Build.0 = Debug|Any CPU
		{376C484F-12BC-4CBE-8AB4-5A278E1D39C8}.Release|Any CPU.ActiveCfg = Release|Any CPU
		{376C484F-12BC-4CBE-8AB4-5A278E1D39C8}.Release|Any CPU.Build.0 = Release|Any CPU
	EndGlobalSection
	GlobalSection(SolutionProperties) = preSolution
		HideSolutionNode = FALSE
	EndGlobalSection
	GlobalSection(ExtensibilityGlobals) = postSolution
		SolutionGuid = {C3B5CBC1-E57F-4A17-BD3D-C910397F595E}
	EndGlobalSection
EndGlobal
