
Microsoft Visual Studio Solution File, Format Version 12.00
# Visual Studio Version 17
VisualStudioVersion = 17.5.33516.290
MinimumVisualStudioVersion = 10.0.40219.1
Project("{FAE04EC0-301F-11D3-BF4B-00C04F79EFBC}") = "Abstract class", "Abstract class\Abstract class.csproj", "{ACF06516-9D33-448A-BDCF-D4A1F6DB06B1}"
EndProject
Global
	GlobalSection(SolutionConfigurationPlatforms) = preSolution
		Debug|Any CPU = Debug|Any CPU
		Release|Any CPU = Release|Any CPU
	EndGlobalSection
	GlobalSection(ProjectConfigurationPlatforms) = postSolution
		{ACF06516-9D33-448A-BDCF-D4A1F6DB06B1}.Debug|Any CPU.ActiveCfg = Debug|Any CPU
		{ACF06516-9D33-448A-BDCF-D4A1F6DB06B1}.Debug|Any CPU.Build.0 = Debug|Any CPU
		{ACF06516-9D33-448A-BDCF-D4A1F6DB06B1}.Release|Any CPU.ActiveCfg = Release|Any CPU
		{ACF06516-9D33-448A-BDCF-D4A1F6DB06B1}.Release|Any CPU.Build.0 = Release|Any CPU
	EndGlobalSection
	GlobalSection(SolutionProperties) = preSolution
		HideSolutionNode = FALSE
	EndGlobalSection
	GlobalSection(ExtensibilityGlobals) = postSolution
		SolutionGuid = {F2F078BF-0E90-4ABD-99C7-C18A595A6BE9}
	EndGlobalSection
EndGlobal
